
Microsoft Visual Studio Solution File, Format Version 12.00
# Visual Studio 15
VisualStudioVersion = 15.0.27428.2037
MinimumVisualStudioVersion = 10.0.40219.1
Project("{9A19103F-16F7-4668-BE54-9A1E7A4F7556}") = "Pact.Fhir.Core", "Pact.Fhir.Core\Pact.Fhir.Core.csproj", "{967A5165-0021-4527-BB5C-153B9578603C}"
EndProject
Project("{9A19103F-16F7-4668-BE54-9A1E7A4F7556}") = "Pact.Fhir.Core.Tests", "Pact.Fhir.Core.Tests\Pact.Fhir.Core.Tests.csproj", "{9EE3D445-75E6-426D-8939-3330B2918C1A}"
EndProject
Project("{9A19103F-16F7-4668-BE54-9A1E7A4F7556}") = "Pact.Fhir.Iota.Tests", "Iota\Pact.Fhir.Iota.Tests\Pact.Fhir.Iota.Tests.csproj", "{598E35B4-0A8D-4EC5-8128-C5998AC177E7}"
EndProject
Project("{9A19103F-16F7-4668-BE54-9A1E7A4F7556}") = "Pact.Fhir.Iota", "Iota\Pact.Fhir.Iota\Pact.Fhir.Iota.csproj", "{ABA3E3D5-F7DC-436A-AD2D-13FFC02C7EC3}"
EndProject
Project("{9A19103F-16F7-4668-BE54-9A1E7A4F7556}") = "Pact.Fhir.Api", "Pact.Fhir.Api\Pact.Fhir.Api.csproj", "{1B2CF8BD-713C-493F-BC1F-581CA94B89A4}"
EndProject
Project("{9A19103F-16F7-4668-BE54-9A1E7A4F7556}") = "Pact.Fhir.Iota.SqlLite", "Iota\Pact.Fhir.Iota.SqlLite\Pact.Fhir.Iota.SqlLite.csproj", "{FA563255-F30D-4B84-91B9-4541E8651FD9}"
EndProject
Project("{9A19103F-16F7-4668-BE54-9A1E7A4F7556}") = "Pact.Fhir.Iota.SqlLite.Tests", "Iota\Pact.Fhir.Iota.SqlLite.Tests\Pact.Fhir.Iota.SqlLite.Tests.csproj", "{56EDFF42-FA31-41EC-AED1-8EA619366B33}"
EndProject
Project("{2150E333-8FDC-42A3-9474-1A3956D46DE8}") = "Iota", "Iota", "{CD7611C3-C878-47C0-A542-AFD6CA0046CF}"
EndProject
Project("{9A19103F-16F7-4668-BE54-9A1E7A4F7556}") = "Pact.Fhir.Core.SqlLite", "Pact.Fhir.Core.SqlLite\Pact.Fhir.Core.SqlLite.csproj", "{392A5BD6-8BCF-444B-9536-F3456BF170B6}"
EndProject
Project("{FAE04EC0-301F-11D3-BF4B-00C04F79EFBC}") = "Pact.Fhir.Console", "Pact.Fhir.Console\Pact.Fhir.Console.csproj", "{BB9ABCF0-6E6A-4FE6-B2D4-FD5D0B0DD7A7}"
EndProject
Global
	GlobalSection(SolutionConfigurationPlatforms) = preSolution
		Debug|Any CPU = Debug|Any CPU
		Release|Any CPU = Release|Any CPU
	EndGlobalSection
	GlobalSection(ProjectConfigurationPlatforms) = postSolution
		{967A5165-0021-4527-BB5C-153B9578603C}.Debug|Any CPU.ActiveCfg = Debug|Any CPU
		{967A5165-0021-4527-BB5C-153B9578603C}.Debug|Any CPU.Build.0 = Debug|Any CPU
		{967A5165-0021-4527-BB5C-153B9578603C}.Release|Any CPU.ActiveCfg = Release|Any CPU
		{967A5165-0021-4527-BB5C-153B9578603C}.Release|Any CPU.Build.0 = Release|Any CPU
		{9EE3D445-75E6-426D-8939-3330B2918C1A}.Debug|Any CPU.ActiveCfg = Debug|Any CPU
		{9EE3D445-75E6-426D-8939-3330B2918C1A}.Debug|Any CPU.Build.0 = Debug|Any CPU
		{9EE3D445-75E6-426D-8939-3330B2918C1A}.Release|Any CPU.ActiveCfg = Release|Any CPU
		{9EE3D445-75E6-426D-8939-3330B2918C1A}.Release|Any CPU.Build.0 = Release|Any CPU
		{598E35B4-0A8D-4EC5-8128-C5998AC177E7}.Debug|Any CPU.ActiveCfg = Debug|Any CPU
		{598E35B4-0A8D-4EC5-8128-C5998AC177E7}.Debug|Any CPU.Build.0 = Debug|Any CPU
		{598E35B4-0A8D-4EC5-8128-C5998AC177E7}.Release|Any CPU.ActiveCfg = Release|Any CPU
		{598E35B4-0A8D-4EC5-8128-C5998AC177E7}.Release|Any CPU.Build.0 = Release|Any CPU
		{ABA3E3D5-F7DC-436A-AD2D-13FFC02C7EC3}.Debug|Any CPU.ActiveCfg = Debug|Any CPU
		{ABA3E3D5-F7DC-436A-AD2D-13FFC02C7EC3}.Debug|Any CPU.Build.0 = Debug|Any CPU
		{ABA3E3D5-F7DC-436A-AD2D-13FFC02C7EC3}.Release|Any CPU.ActiveCfg = Release|Any CPU
		{ABA3E3D5-F7DC-436A-AD2D-13FFC02C7EC3}.Release|Any CPU.Build.0 = Release|Any CPU
		{1B2CF8BD-713C-493F-BC1F-581CA94B89A4}.Debug|Any CPU.ActiveCfg = Debug|Any CPU
		{1B2CF8BD-713C-493F-BC1F-581CA94B89A4}.Debug|Any CPU.Build.0 = Debug|Any CPU
		{1B2CF8BD-713C-493F-BC1F-581CA94B89A4}.Release|Any CPU.ActiveCfg = Release|Any CPU
		{1B2CF8BD-713C-493F-BC1F-581CA94B89A4}.Release|Any CPU.Build.0 = Release|Any CPU
		{FA563255-F30D-4B84-91B9-4541E8651FD9}.Debug|Any CPU.ActiveCfg = Debug|Any CPU
		{FA563255-F30D-4B84-91B9-4541E8651FD9}.Debug|Any CPU.Build.0 = Debug|Any CPU
		{FA563255-F30D-4B84-91B9-4541E8651FD9}.Release|Any CPU.ActiveCfg = Release|Any CPU
		{FA563255-F30D-4B84-91B9-4541E8651FD9}.Release|Any CPU.Build.0 = Release|Any CPU
		{56EDFF42-FA31-41EC-AED1-8EA619366B33}.Debug|Any CPU.ActiveCfg = Debug|Any CPU
		{56EDFF42-FA31-41EC-AED1-8EA619366B33}.Debug|Any CPU.Build.0 = Debug|Any CPU
		{56EDFF42-FA31-41EC-AED1-8EA619366B33}.Release|Any CPU.ActiveCfg = Release|Any CPU
		{56EDFF42-FA31-41EC-AED1-8EA619366B33}.Release|Any CPU.Build.0 = Release|Any CPU
		{392A5BD6-8BCF-444B-9536-F3456BF170B6}.Debug|Any CPU.ActiveCfg = Debug|Any CPU
		{392A5BD6-8BCF-444B-9536-F3456BF170B6}.Debug|Any CPU.Build.0 = Debug|Any CPU
		{392A5BD6-8BCF-444B-9536-F3456BF170B6}.Release|Any CPU.ActiveCfg = Release|Any CPU
		{392A5BD6-8BCF-444B-9536-F3456BF170B6}.Release|Any CPU.Build.0 = Release|Any CPU
		{BB9ABCF0-6E6A-4FE6-B2D4-FD5D0B0DD7A7}.Debug|Any CPU.ActiveCfg = Debug|Any CPU
		{BB9ABCF0-6E6A-4FE6-B2D4-FD5D0B0DD7A7}.Debug|Any CPU.Build.0 = Debug|Any CPU
		{BB9ABCF0-6E6A-4FE6-B2D4-FD5D0B0DD7A7}.Release|Any CPU.ActiveCfg = Release|Any CPU
		{BB9ABCF0-6E6A-4FE6-B2D4-FD5D0B0DD7A7}.Release|Any CPU.Build.0 = Release|Any CPU
	EndGlobalSection
	GlobalSection(SolutionProperties) = preSolution
		HideSolutionNode = FALSE
	EndGlobalSection
	GlobalSection(NestedProjects) = preSolution
		{598E35B4-0A8D-4EC5-8128-C5998AC177E7} = {CD7611C3-C878-47C0-A542-AFD6CA0046CF}
		{ABA3E3D5-F7DC-436A-AD2D-13FFC02C7EC3} = {CD7611C3-C878-47C0-A542-AFD6CA0046CF}
		{FA563255-F30D-4B84-91B9-4541E8651FD9} = {CD7611C3-C878-47C0-A542-AFD6CA0046CF}
		{56EDFF42-FA31-41EC-AED1-8EA619366B33} = {CD7611C3-C878-47C0-A542-AFD6CA0046CF}
	EndGlobalSection
	GlobalSection(ExtensibilityGlobals) = postSolution
		SolutionGuid = {61B556C5-BC64-482E-90D6-F042F3BC66BC}
	EndGlobalSection
EndGlobal
